
Microsoft Visual Studio Solution File, Format Version 12.00
Project("{FAE04EC0-301F-11D3-BF4B-00C04F79EFBC}") = "Gvn.Atlas.Ddd.Application.Contracts", "Gvn.Atlas.Ddd.Application.Contracts\Gvn.Atlas.Ddd.Application.Contracts.csproj", "{6BDEE043-3899-4612-8084-1EE42B770BDF}"
EndProject
Project("{FAE04EC0-301F-11D3-BF4B-00C04F79EFBC}") = "Gvn.Atlas.Core", "Gvn.Atlas.Core\Gvn.Atlas.Core.csproj", "{39C265A2-888C-4DF7-98BF-ABF85D936710}"
EndProject
Project("{FAE04EC0-301F-11D3-BF4B-00C04F79EFBC}") = "Gvn.Atlas.Auditing.Contracts", "Gvn.Atlas.Auditing.Contracts\Gvn.Atlas.Auditing.Contracts.csproj", "{D75E5691-17B6-4533-99D5-CADA191FF63A}"
EndProject
Project("{FAE04EC0-301F-11D3-BF4B-00C04F79EFBC}") = "Gvn.Atlas.Ddd.Domain", "Gvn.Atlas.Ddd.Domain\Gvn.Atlas.Ddd.Domain.csproj", "{B764B3FD-FAFA-43AD-8FF1-088D24EDC4B4}"
EndProject
Project("{FAE04EC0-301F-11D3-BF4B-00C04F79EFBC}") = "Gvn.Atlas.Threading", "Gvn.Atlas.Threading\Gvn.Atlas.Threading.csproj", "{F3C99972-90F1-4E8C-B912-F3D270AC7DEC}"
EndProject
Global
	GlobalSection(SolutionConfigurationPlatforms) = preSolution
		Debug|Any CPU = Debug|Any CPU
		Release|Any CPU = Release|Any CPU
	EndGlobalSection
	GlobalSection(ProjectConfigurationPlatforms) = postSolution
		{6BDEE043-3899-4612-8084-1EE42B770BDF}.Debug|Any CPU.ActiveCfg = Debug|Any CPU
		{6BDEE043-3899-4612-8084-1EE42B770BDF}.Debug|Any CPU.Build.0 = Debug|Any CPU
		{6BDEE043-3899-4612-8084-1EE42B770BDF}.Release|Any CPU.ActiveCfg = Release|Any CPU
		{6BDEE043-3899-4612-8084-1EE42B770BDF}.Release|Any CPU.Build.0 = Release|Any CPU
		{39C265A2-888C-4DF7-98BF-ABF85D936710}.Debug|Any CPU.ActiveCfg = Debug|Any CPU
		{39C265A2-888C-4DF7-98BF-ABF85D936710}.Debug|Any CPU.Build.0 = Debug|Any CPU
		{39C265A2-888C-4DF7-98BF-ABF85D936710}.Release|Any CPU.ActiveCfg = Release|Any CPU
		{39C265A2-888C-4DF7-98BF-ABF85D936710}.Release|Any CPU.Build.0 = Release|Any CPU
		{D75E5691-17B6-4533-99D5-CADA191FF63A}.Debug|Any CPU.ActiveCfg = Debug|Any CPU
		{D75E5691-17B6-4533-99D5-CADA191FF63A}.Debug|Any CPU.Build.0 = Debug|Any CPU
		{D75E5691-17B6-4533-99D5-CADA191FF63A}.Release|Any CPU.ActiveCfg = Release|Any CPU
		{D75E5691-17B6-4533-99D5-CADA191FF63A}.Release|Any CPU.Build.0 = Release|Any CPU
		{B764B3FD-FAFA-43AD-8FF1-088D24EDC4B4}.Debug|Any CPU.ActiveCfg = Debug|Any CPU
		{B764B3FD-FAFA-43AD-8FF1-088D24EDC4B4}.Debug|Any CPU.Build.0 = Debug|Any CPU
		{B764B3FD-FAFA-43AD-8FF1-088D24EDC4B4}.Release|Any CPU.ActiveCfg = Release|Any CPU
		{B764B3FD-FAFA-43AD-8FF1-088D24EDC4B4}.Release|Any CPU.Build.0 = Release|Any CPU
		{F3C99972-90F1-4E8C-B912-F3D270AC7DEC}.Debug|Any CPU.ActiveCfg = Debug|Any CPU
		{F3C99972-90F1-4E8C-B912-F3D270AC7DEC}.Debug|Any CPU.Build.0 = Debug|Any CPU
		{F3C99972-90F1-4E8C-B912-F3D270AC7DEC}.Release|Any CPU.ActiveCfg = Release|Any CPU
		{F3C99972-90F1-4E8C-B912-F3D270AC7DEC}.Release|Any CPU.Build.0 = Release|Any CPU
	EndGlobalSection
EndGlobal
